
Microsoft Visual Studio Solution File, Format Version 12.00
# Visual Studio Version 17
VisualStudioVersion = 17.5.33516.290
MinimumVisualStudioVersion = 10.0.40219.1
Project("{9A19103F-16F7-4668-BE54-9A1E7A4F7556}") = "MoravianStar-Demo.Common.Core", "MoravianStar-Demo.Common.Core\MoravianStar-Demo.Common.Core.csproj", "{DE100706-58E2-4EE9-A7CA-E542182F56F9}"
EndProject
Project("{9A19103F-16F7-4668-BE54-9A1E7A4F7556}") = "MoravianStar-Demo.Common.Services", "MoravianStar-Demo.Common.Services\MoravianStar-Demo.Common.Services.csproj", "{6BCAA143-D616-47D4-98F4-217422330948}"
EndProject
Project("{9A19103F-16F7-4668-BE54-9A1E7A4F7556}") = "MoravianStar-Demo.Mobile.Core", "MoravianStar-Demo.Mobile.Core\MoravianStar-Demo.Mobile.Core.csproj", "{A28E3A4E-0A09-4A83-B624-1503B0B21CFA}"
EndProject
Project("{9A19103F-16F7-4668-BE54-9A1E7A4F7556}") = "MoravianStar-Demo.Mobile.Services", "MoravianStar-Demo.Mobile.Services\MoravianStar-Demo.Mobile.Services.csproj", "{24030B3E-A883-4E34-8AFA-E5CA68A5948A}"
EndProject
Project("{9A19103F-16F7-4668-BE54-9A1E7A4F7556}") = "MoravianStar-Demo.Mobile.WebAPI", "MoravianStar-Demo.Mobile.WebAPI\MoravianStar-Demo.Mobile.WebAPI.csproj", "{8834BCFE-A06B-4E2D-85D8-2EB8E217C873}"
EndProject
Project("{9A19103F-16F7-4668-BE54-9A1E7A4F7556}") = "MoravianStar-Demo.Web.Core", "MoravianStar-Demo.Web.Core\MoravianStar-Demo.Web.Core.csproj", "{CB6C2B39-328D-4584-8394-4E09F4A20731}"
EndProject
Project("{9A19103F-16F7-4668-BE54-9A1E7A4F7556}") = "MoravianStar-Demo.Web.Services", "MoravianStar-Demo.Web.Services\MoravianStar-Demo.Web.Services.csproj", "{B5DE6376-9106-4E38-8679-D3B5E63AED0B}"
EndProject
Project("{9A19103F-16F7-4668-BE54-9A1E7A4F7556}") = "MoravianStar-Demo.Web.WebAPI", "MoravianStar-Demo.Web.WebAPI\MoravianStar-Demo.Web.WebAPI.csproj", "{4C358F9A-6F3D-438B-842A-5AD18E613A95}"
EndProject
Project("{9A19103F-16F7-4668-BE54-9A1E7A4F7556}") = "MoravianStar-Demo.Persistence", "MoravianStar-Demo.Persistence\MoravianStar-Demo.Persistence.csproj", "{5CEBB276-8670-4BF0-BB15-7E641903DD14}"
EndProject
Project("{9A19103F-16F7-4668-BE54-9A1E7A4F7556}") = "MoravianStar-Demo.Maintenance.WebAPI", "MoravianStar-Demo.Maintenance.WebAPI\MoravianStar-Demo.Maintenance.WebAPI.csproj", "{879450DB-0DAE-4F80-BA71-D61FA02692DB}"
	ProjectSection(ProjectDependencies) = postProject
		{9982F428-EAA6-48DE-A6C2-7E508ED65293} = {9982F428-EAA6-48DE-A6C2-7E508ED65293}
	EndProjectSection
EndProject
Project("{9A19103F-16F7-4668-BE54-9A1E7A4F7556}") = "MoravianStar-Demo.Maintenance.Core", "MoravianStar-Demo.Maintenance.Core\MoravianStar-Demo.Maintenance.Core.csproj", "{2D2E5AAC-DF7A-40B2-B42E-DD9E8B826D3F}"
EndProject
Project("{9A19103F-16F7-4668-BE54-9A1E7A4F7556}") = "MoravianStar-Demo.Maintenance.Services", "MoravianStar-Demo.Maintenance.Services\MoravianStar-Demo.Maintenance.Services.csproj", "{9982F428-EAA6-48DE-A6C2-7E508ED65293}"
EndProject
Project("{FAE04EC0-301F-11D3-BF4B-00C04F79EFBC}") = "MoravianStar-Demo.Common.Jobs", "MoravianStar-Demo.Common.Jobs\MoravianStar-Demo.Common.Jobs.csproj", "{DFF34219-0D8C-4955-B020-90C0441A6B39}"
EndProject
Project("{FAE04EC0-301F-11D3-BF4B-00C04F79EFBC}") = "MoravianStar-Demo.Job.WebAPI", "MoravianStar-Demo.Job.WebAPI\MoravianStar-Demo.Job.WebAPI.csproj", "{AEBCFEA6-1022-466C-815B-EA50C5CAD39B}"
EndProject
Global
	GlobalSection(SolutionConfigurationPlatforms) = preSolution
		Debug|Any CPU = Debug|Any CPU
		Release|Any CPU = Release|Any CPU
	EndGlobalSection
	GlobalSection(ProjectConfigurationPlatforms) = postSolution
		{DE100706-58E2-4EE9-A7CA-E542182F56F9}.Debug|Any CPU.ActiveCfg = Debug|Any CPU
		{DE100706-58E2-4EE9-A7CA-E542182F56F9}.Debug|Any CPU.Build.0 = Debug|Any CPU
		{DE100706-58E2-4EE9-A7CA-E542182F56F9}.Release|Any CPU.ActiveCfg = Release|Any CPU
		{DE100706-58E2-4EE9-A7CA-E542182F56F9}.Release|Any CPU.Build.0 = Release|Any CPU
		{6BCAA143-D616-47D4-98F4-217422330948}.Debug|Any CPU.ActiveCfg = Debug|Any CPU
		{6BCAA143-D616-47D4-98F4-217422330948}.Debug|Any CPU.Build.0 = Debug|Any CPU
		{6BCAA143-D616-47D4-98F4-217422330948}.Release|Any CPU.ActiveCfg = Release|Any CPU
		{6BCAA143-D616-47D4-98F4-217422330948}.Release|Any CPU.Build.0 = Release|Any CPU
		{A28E3A4E-0A09-4A83-B624-1503B0B21CFA}.Debug|Any CPU.ActiveCfg = Debug|Any CPU
		{A28E3A4E-0A09-4A83-B624-1503B0B21CFA}.Debug|Any CPU.Build.0 = Debug|Any CPU
		{A28E3A4E-0A09-4A83-B624-1503B0B21CFA}.Release|Any CPU.ActiveCfg = Release|Any CPU
		{A28E3A4E-0A09-4A83-B624-1503B0B21CFA}.Release|Any CPU.Build.0 = Release|Any CPU
		{24030B3E-A883-4E34-8AFA-E5CA68A5948A}.Debug|Any CPU.ActiveCfg = Debug|Any CPU
		{24030B3E-A883-4E34-8AFA-E5CA68A5948A}.Debug|Any CPU.Build.0 = Debug|Any CPU
		{24030B3E-A883-4E34-8AFA-E5CA68A5948A}.Release|Any CPU.ActiveCfg = Release|Any CPU
		{24030B3E-A883-4E34-8AFA-E5CA68A5948A}.Release|Any CPU.Build.0 = Release|Any CPU
		{8834BCFE-A06B-4E2D-85D8-2EB8E217C873}.Debug|Any CPU.ActiveCfg = Debug|Any CPU
		{8834BCFE-A06B-4E2D-85D8-2EB8E217C873}.Debug|Any CPU.Build.0 = Debug|Any CPU
		{8834BCFE-A06B-4E2D-85D8-2EB8E217C873}.Release|Any CPU.ActiveCfg = Release|Any CPU
		{8834BCFE-A06B-4E2D-85D8-2EB8E217C873}.Release|Any CPU.Build.0 = Release|Any CPU
		{CB6C2B39-328D-4584-8394-4E09F4A20731}.Debug|Any CPU.ActiveCfg = Debug|Any CPU
		{CB6C2B39-328D-4584-8394-4E09F4A20731}.Debug|Any CPU.Build.0 = Debug|Any CPU
		{CB6C2B39-328D-4584-8394-4E09F4A20731}.Release|Any CPU.ActiveCfg = Release|Any CPU
		{CB6C2B39-328D-4584-8394-4E09F4A20731}.Release|Any CPU.Build.0 = Release|Any CPU
		{B5DE6376-9106-4E38-8679-D3B5E63AED0B}.Debug|Any CPU.ActiveCfg = Debug|Any CPU
		{B5DE6376-9106-4E38-8679-D3B5E63AED0B}.Debug|Any CPU.Build.0 = Debug|Any CPU
		{B5DE6376-9106-4E38-8679-D3B5E63AED0B}.Release|Any CPU.ActiveCfg = Release|Any CPU
		{B5DE6376-9106-4E38-8679-D3B5E63AED0B}.Release|Any CPU.Build.0 = Release|Any CPU
		{4C358F9A-6F3D-438B-842A-5AD18E613A95}.Debug|Any CPU.ActiveCfg = Debug|Any CPU
		{4C358F9A-6F3D-438B-842A-5AD18E613A95}.Debug|Any CPU.Build.0 = Debug|Any CPU
		{4C358F9A-6F3D-438B-842A-5AD18E613A95}.Release|Any CPU.ActiveCfg = Release|Any CPU
		{4C358F9A-6F3D-438B-842A-5AD18E613A95}.Release|Any CPU.Build.0 = Release|Any CPU
		{5CEBB276-8670-4BF0-BB15-7E641903DD14}.Debug|Any CPU.ActiveCfg = Debug|Any CPU
		{5CEBB276-8670-4BF0-BB15-7E641903DD14}.Debug|Any CPU.Build.0 = Debug|Any CPU
		{5CEBB276-8670-4BF0-BB15-7E641903DD14}.Release|Any CPU.ActiveCfg = Release|Any CPU
		{5CEBB276-8670-4BF0-BB15-7E641903DD14}.Release|Any CPU.Build.0 = Release|Any CPU
		{879450DB-0DAE-4F80-BA71-D61FA02692DB}.Debug|Any CPU.ActiveCfg = Debug|Any CPU
		{879450DB-0DAE-4F80-BA71-D61FA02692DB}.Debug|Any CPU.Build.0 = Debug|Any CPU
		{879450DB-0DAE-4F80-BA71-D61FA02692DB}.Release|Any CPU.ActiveCfg = Release|Any CPU
		{879450DB-0DAE-4F80-BA71-D61FA02692DB}.Release|Any CPU.Build.0 = Release|Any CPU
		{2D2E5AAC-DF7A-40B2-B42E-DD9E8B826D3F}.Debug|Any CPU.ActiveCfg = Debug|Any CPU
		{2D2E5AAC-DF7A-40B2-B42E-DD9E8B826D3F}.Debug|Any CPU.Build.0 = Debug|Any CPU
		{2D2E5AAC-DF7A-40B2-B42E-DD9E8B826D3F}.Release|Any CPU.ActiveCfg = Release|Any CPU
		{2D2E5AAC-DF7A-40B2-B42E-DD9E8B826D3F}.Release|Any CPU.Build.0 = Release|Any CPU
		{9982F428-EAA6-48DE-A6C2-7E508ED65293}.Debug|Any CPU.ActiveCfg = Debug|Any CPU
		{9982F428-EAA6-48DE-A6C2-7E508ED65293}.Debug|Any CPU.Build.0 = Debug|Any CPU
		{9982F428-EAA6-48DE-A6C2-7E508ED65293}.Release|Any CPU.ActiveCfg = Release|Any CPU
		{9982F428-EAA6-48DE-A6C2-7E508ED65293}.Release|Any CPU.Build.0 = Release|Any CPU
		{DFF34219-0D8C-4955-B020-90C0441A6B39}.Debug|Any CPU.ActiveCfg = Debug|Any CPU
		{DFF34219-0D8C-4955-B020-90C0441A6B39}.Debug|Any CPU.Build.0 = Debug|Any CPU
		{DFF34219-0D8C-4955-B020-90C0441A6B39}.Release|Any CPU.ActiveCfg = Release|Any CPU
		{DFF34219-0D8C-4955-B020-90C0441A6B39}.Release|Any CPU.Build.0 = Release|Any CPU
		{AEBCFEA6-1022-466C-815B-EA50C5CAD39B}.Debug|Any CPU.ActiveCfg = Debug|Any CPU
		{AEBCFEA6-1022-466C-815B-EA50C5CAD39B}.Debug|Any CPU.Build.0 = Debug|Any CPU
		{AEBCFEA6-1022-466C-815B-EA50C5CAD39B}.Release|Any CPU.ActiveCfg = Release|Any CPU
		{AEBCFEA6-1022-466C-815B-EA50C5CAD39B}.Release|Any CPU.Build.0 = Release|Any CPU
	EndGlobalSection
	GlobalSection(SolutionProperties) = preSolution
		HideSolutionNode = FALSE
	EndGlobalSection
	GlobalSection(ExtensibilityGlobals) = postSolution
		SolutionGuid = {CF0FEB7C-308A-481C-B825-27EFCB4F58E9}
	EndGlobalSection
EndGlobal
